DEPENDENCIES
  oauth2_proxy
    path: .
    metadata: true
  test
    path: test/fixtures/cookbooks/test

GRAPH
  apt (7.5.12)
  common_attrs (0.4.6)
  golang (1.7.2)
  oauth2_proxy (0.2.5)
    apt (>= 0.0.0)
    common_attrs (>= 0.0.0)
    golang (~> 1.7.0)
  test (0.0.1)
    oauth2_proxy (>= 0.0.0)
